
Microsoft Visual Studio Solution File, Format Version 12.00
# Visual Studio Version 17
VisualStudioVersion = 17.6.33723.286
MinimumVisualStudioVersion = 10.0.40219.1
Project("{9A19103F-16F7-4668-BE54-9A1E7A4F7556}") = "PIMS.allsoft", "PIMS.allsoft.csproj", "{7A08629A-57B6-46D4-AA8F-7068E003C1F9}"
EndProject
Project("{FAE04EC0-301F-11D3-BF4B-00C04F79EFBC}") = "TestProject", "..\TestProject\TestProject.csproj", "{371847F0-C145-4267-95B9-47F5043EBC0A}"
EndProject
Global
	GlobalSection(SolutionConfigurationPlatforms) = preSolution
		Debug|Any CPU = Debug|Any CPU
		Release|Any CPU = Release|Any CPU
	EndGlobalSection
	GlobalSection(ProjectConfigurationPlatforms) = postSolution
		{7A08629A-57B6-46D4-AA8F-7068E003C1F9}.Debug|Any CPU.ActiveCfg = Debug|Any CPU
		{7A08629A-57B6-46D4-AA8F-7068E003C1F9}.Debug|Any CPU.Build.0 = Debug|Any CPU
		{7A08629A-57B6-46D4-AA8F-7068E003C1F9}.Release|Any CPU.ActiveCfg = Release|Any CPU
		{7A08629A-57B6-46D4-AA8F-7068E003C1F9}.Release|Any CPU.Build.0 = Release|Any CPU
		{371847F0-C145-4267-95B9-47F5043EBC0A}.Debug|Any CPU.ActiveCfg = Debug|Any CPU
		{371847F0-C145-4267-95B9-47F5043EBC0A}.Debug|Any CPU.Build.0 = Debug|Any CPU
		{371847F0-C145-4267-95B9-47F5043EBC0A}.Release|Any CPU.ActiveCfg = Release|Any CPU
		{371847F0-C145-4267-95B9-47F5043EBC0A}.Release|Any CPU.Build.0 = Release|Any CPU
	EndGlobalSection
	GlobalSection(SolutionProperties) = preSolution
		HideSolutionNode = FALSE
	EndGlobalSection
	GlobalSection(ExtensibilityGlobals) = postSolution
		SolutionGuid = {3BDBE40A-F62C-4A53-8082-B8AEC20D5BA4}
	EndGlobalSection
EndGlobal
